// !$*UTF8*$!
{
	archiveVersion = 1;
	classes = {
	};
	objectVersion = 46;
	objects = {

/* Begin PBXBuildFile section */
		603114331D5C213C00BA0C61 /* Fabric.framework in Frameworks */ = {isa = PBXBuildFile; fileRef = 6031142F1D5C213C00BA0C61 /* Fabric.framework */; };
		603114341D5C213C00BA0C61 /* TwitterKit.framework in Frameworks */ = {isa = PBXBuildFile; fileRef = 603114301D5C213C00BA0C61 /* TwitterKit.framework */; };
		603114351D5C213C00BA0C61 /* TwitterKitResources.bundle in Resources */ = {isa = PBXBuildFile; fileRef = 603114311D5C213C00BA0C61 /* TwitterKitResources.bundle */; };
		603114361D5C213C00BA0C61 /* TwitterCore.framework in Frameworks */ = {isa = PBXBuildFile; fileRef = 603114321D5C213C00BA0C61 /* TwitterCore.framework */; };
		603114391D5C548E00BA0C61 /* ProfileTwitViewController.m in Sources */ = {isa = PBXBuildFile; fileRef = 603114381D5C548E00BA0C61 /* ProfileTwitViewController.m */; };
		6031143F1D5C8DE900BA0C61 /* SearchView.m in Sources */ = {isa = PBXBuildFile; fileRef = 6031143E1D5C8DE900BA0C61 /* SearchView.m */; };
		6033CD231D5B0D1C00A0F2A0 /* TwitViewController.m in Sources */ = {isa = PBXBuildFile; fileRef = 6033CD221D5B0D1C00A0F2A0 /* TwitViewController.m */; };
		603768331D5D98E800C9BC3B /* PlacesMO+CoreDataProperties.m in Sources */ = {isa = PBXBuildFile; fileRef = 603768301D5D98E800C9BC3B /* PlacesMO+CoreDataProperties.m */; };
		603768341D5D98E800C9BC3B /* PlacesMO.m in Sources */ = {isa = PBXBuildFile; fileRef = 603768321D5D98E800C9BC3B /* PlacesMO.m */; };
		6038F3501D52F1C400E69954 /* main.m in Sources */ = {isa = PBXBuildFile; fileRef = 6038F34F1D52F1C400E69954 /* main.m */; };
		6038F3531D52F1C400E69954 /* AppDelegate.m in Sources */ = {isa = PBXBuildFile; fileRef = 6038F3521D52F1C400E69954 /* AppDelegate.m */; };
		6038F3561D52F1C400E69954 /* ViewController.m in Sources */ = {isa = PBXBuildFile; fileRef = 6038F3551D52F1C400E69954 /* ViewController.m */; };
		6038F3591D52F1C400E69954 /* Main.storyboard in Resources */ = {isa = PBXBuildFile; fileRef = 6038F3571D52F1C400E69954 /* Main.storyboard */; };
		6038F35B1D52F1C400E69954 /* Assets.xcassets in Resources */ = {isa = PBXBuildFile; fileRef = 6038F35A1D52F1C400E69954 /* Assets.xcassets */; };
		6038F35E1D52F1C400E69954 /* LaunchScreen.storyboard in Resources */ = {isa = PBXBuildFile; fileRef = 6038F35C1D52F1C400E69954 /* LaunchScreen.storyboard */; };
		6038F3691D52F1C400E69954 /* gMapsTests.m in Sources */ = {isa = PBXBuildFile; fileRef = 6038F3681D52F1C400E69954 /* gMapsTests.m */; };
		6038F3741D52F1C400E69954 /* gMapsUITests.m in Sources */ = {isa = PBXBuildFile; fileRef = 6038F3731D52F1C400E69954 /* gMapsUITests.m */; };
		6038F3821D52F4D700E69954 /* GoogleMapsBase.framework in Frameworks */ = {isa = PBXBuildFile; fileRef = 6038F3811D52F4D700E69954 /* GoogleMapsBase.framework */; };
		6038F3841D52F4F600E69954 /* GoogleMaps.framework in Frameworks */ = {isa = PBXBuildFile; fileRef = 6038F3831D52F4F600E69954 /* GoogleMaps.framework */; };
		6038F3861D52F50B00E69954 /* GoogleMapsCore.framework in Frameworks */ = {isa = PBXBuildFile; fileRef = 6038F3851D52F50B00E69954 /* GoogleMapsCore.framework */; };
		6038F3881D52F78300E69954 /* GoogleMaps.bundle in Resources */ = {isa = PBXBuildFile; fileRef = 6038F3871D52F78300E69954 /* GoogleMaps.bundle */; };
		6038F38A1D52F81400E69954 /* Accelerate.framework in Frameworks */ = {isa = PBXBuildFile; fileRef = 6038F3891D52F81400E69954 /* Accelerate.framework */; };
		6038F38C1D52F82900E69954 /* CoreData.framework in Frameworks */ = {isa = PBXBuildFile; fileRef = 6038F38B1D52F82900E69954 /* CoreData.framework */; };
		6038F38E1D52F83100E69954 /* CoreGraphics.framework in Frameworks */ = {isa = PBXBuildFile; fileRef = 6038F38D1D52F83100E69954 /* CoreGraphics.framework */; };
		6038F3901D52F83900E69954 /* CoreLocation.framework in Frameworks */ = {isa = PBXBuildFile; fileRef = 6038F38F1D52F83900E69954 /* CoreLocation.framework */; };
		6038F3921D52F84200E69954 /* CoreText.framework in Frameworks */ = {isa = PBXBuildFile; fileRef = 6038F3911D52F84200E69954 /* CoreText.framework */; };
		6038F3941D52F84A00E69954 /* GLKit.framework in Frameworks */ = {isa = PBXBuildFile; fileRef = 6038F3931D52F84A00E69954 /* GLKit.framework */; };
		6038F3961D52F85200E69954 /* ImageIO.framework in Frameworks */ = {isa = PBXBuildFile; fileRef = 6038F3951D52F85200E69954 /* ImageIO.framework */; };
		6038F3981D52F86600E69954 /* libc++.tbd in Frameworks */ = {isa = PBXBuildFile; fileRef = 6038F3971D52F86600E69954 /* libc++.tbd */; };
		6038F39A1D52F87600E69954 /* libz.tbd in Frameworks */ = {isa = PBXBuildFile; fileRef = 6038F3991D52F87600E69954 /* libz.tbd */; };
		6038F39C1D52F87F00E69954 /* OpenGLES.framework in Frameworks */ = {isa = PBXBuildFile; fileRef = 6038F39B1D52F87F00E69954 /* OpenGLES.framework */; };
		6038F39E1D52F88700E69954 /* QuartzCore.framework in Frameworks */ = {isa = PBXBuildFile; fileRef = 6038F39D1D52F88700E69954 /* QuartzCore.framework */; };
		6038F3A01D52F89800E69954 /* SystemConfiguration.framework in Frameworks */ = {isa = PBXBuildFile; fileRef = 6038F39F1D52F89800E69954 /* SystemConfiguration.framework */; };
		6038F3A21D52F8A600E69954 /* UIKit.framework in Frameworks */ = {isa = PBXBuildFile; fileRef = 6038F3A11D52F8A600E69954 /* UIKit.framework */; };
		6038F3A41D53365100E69954 /* AppleUSA1.png in Resources */ = {isa = PBXBuildFile; fileRef = 6038F3A31D53365100E69954 /* AppleUSA1.png */; };
		6038F3A61D533A6500E69954 /* menu.png in Resources */ = {isa = PBXBuildFile; fileRef = 6038F3A51D533A6500E69954 /* menu.png */; };
		60505B201D544CD6004BC2BF /* SWRevealViewController.m in Sources */ = {isa = PBXBuildFile; fileRef = 60505B1F1D544CD6004BC2BF /* SWRevealViewController.m */; };
		60505B241D5458D3004BC2BF /* NavigationViewController.m in Sources */ = {isa = PBXBuildFile; fileRef = 60505B231D5458D3004BC2BF /* NavigationViewController.m */; };
		60505B261D547061004BC2BF /* fb.png in Resources */ = {isa = PBXBuildFile; fileRef = 60505B251D547061004BC2BF /* fb.png */; };
		60505B281D5477D2004BC2BF /* gMaps.png in Resources */ = {isa = PBXBuildFile; fileRef = 60505B271D5477D1004BC2BF /* gMaps.png */; };
		60505B2E1D549291004BC2BF /* FBViewController.m in Sources */ = {isa = PBXBuildFile; fileRef = 60505B2D1D549291004BC2BF /* FBViewController.m */; };
		60505B301D54A613004BC2BF /* GooglePlaces.framework in Frameworks */ = {isa = PBXBuildFile; fileRef = 60505B2F1D54A613004BC2BF /* GooglePlaces.framework */; };
		60505B321D54A681004BC2BF /* GooglePlacePicker.framework in Frameworks */ = {isa = PBXBuildFile; fileRef = 60505B311D54A681004BC2BF /* GooglePlacePicker.framework */; };
		60505B341D54A6F6004BC2BF /* GooglePlaces.bundle in Resources */ = {isa = PBXBuildFile; fileRef = 60505B331D54A6F6004BC2BF /* GooglePlaces.bundle */; };
		60505B361D54A74B004BC2BF /* GooglePlacePicker.bundle in Resources */ = {isa = PBXBuildFile; fileRef = 60505B351D54A74B004BC2BF /* GooglePlacePicker.bundle */; };
		6052752C1D598EA2007790FD /* Model.xcdatamodeld in Sources */ = {isa = PBXBuildFile; fileRef = 6052752A1D598EA2007790FD /* Model.xcdatamodeld */; };
		6052752F1D59E496007790FD /* ProfileFBViewController.m in Sources */ = {isa = PBXBuildFile; fileRef = 6052752E1D59E496007790FD /* ProfileFBViewController.m */; };
		605A02981D588E4B00B48C50 /* Bolts.framework in Frameworks */ = {isa = PBXBuildFile; fileRef = 605A02971D588E4B00B48C50 /* Bolts.framework */; };
		605A029A1D588E5300B48C50 /* FBSDKCoreKit.framework in Frameworks */ = {isa = PBXBuildFile; fileRef = 605A02991D588E5300B48C50 /* FBSDKCoreKit.framework */; };
		605A029C1D588E5B00B48C50 /* FBSDKLoginKit.framework in Frameworks */ = {isa = PBXBuildFile; fileRef = 605A029B1D588E5B00B48C50 /* FBSDKLoginKit.framework */; };
		605A029E1D588E6100B48C50 /* FBSDKShareKit.framework in Frameworks */ = {isa = PBXBuildFile; fileRef = 605A029D1D588E6100B48C50 /* FBSDKShareKit.framework */; };
		605A02A01D58959200B48C50 /* twit.png in Resources */ = {isa = PBXBuildFile; fileRef = 605A029F1D58959200B48C50 /* twit.png */; };
		605A02A21D589AD000B48C50 /* MoPubSDK in Resources */ = {isa = PBXBuildFile; fileRef = 605A02A11D589AD000B48C50 /* MoPubSDK */; };
		605A02A41D589B0D00B48C50 /* AdSupport.framework in Frameworks */ = {isa = PBXBuildFile; fileRef = 605A02A31D589B0D00B48C50 /* AdSupport.framework */; };
		605A02A61D589B3600B48C50 /* CoreTelephony.framework in Frameworks */ = {isa = PBXBuildFile; fileRef = 605A02A51D589B3600B48C50 /* CoreTelephony.framework */; };
		605A02A91D589B4500B48C50 /* EventKit.framework in Frameworks */ = {isa = PBXBuildFile; fileRef = 605A02A71D589B4500B48C50 /* EventKit.framework */; };
		605A02AA1D589B4500B48C50 /* EventKitUI.framework in Frameworks */ = {isa = PBXBuildFile; fileRef = 605A02A81D589B4500B48C50 /* EventKitUI.framework */; };
		605A02AC1D589B5A00B48C50 /* Foundation.framework in Frameworks */ = {isa = PBXBuildFile; fileRef = 605A02AB1D589B5A00B48C50 /* Foundation.framework */; };
		605A02AE1D589B6700B48C50 /* MediaPlayer.framework in Frameworks */ = {isa = PBXBuildFile; fileRef = 605A02AD1D589B6700B48C50 /* MediaPlayer.framework */; };
		605A02B01D589B7E00B48C50 /* StoreKit.framework in Frameworks */ = {isa = PBXBuildFile; fileRef = 605A02AF1D589B7E00B48C50 /* StoreKit.framework */; };
		605A02B21D589BB900B48C50 /* AudioToolbox.framework in Frameworks */ = {isa = PBXBuildFile; fileRef = 605A02B11D589BB900B48C50 /* AudioToolbox.framework */; };
		605A02B41D589BC400B48C50 /* AVFoundation.framework in Frameworks */ = {isa = PBXBuildFile; fileRef = 605A02B31D589BC400B48C50 /* AVFoundation.framework */; };
		605A02B61D589BCD00B48C50 /* iAd.framework in Frameworks */ = {isa = PBXBuildFile; fileRef = 605A02B51D589BCD00B48C50 /* iAd.framework */; };
		605A02B81D589BD600B48C50 /* MessageUI.framework in Frameworks */ = {isa = PBXBuildFile; fileRef = 605A02B71D589BD600B48C50 /* MessageUI.framework */; };
		605A02BA1D589BE300B48C50 /* MobileCoreServices.framework in Frameworks */ = {isa = PBXBuildFile; fileRef = 605A02B91D589BE300B48C50 /* MobileCoreServices.framework */; };
		605A02BC1D589BED00B48C50 /* PassKit.framework in Frameworks */ = {isa = PBXBuildFile; fileRef = 605A02BB1D589BED00B48C50 /* PassKit.framework */; };
		605A02BE1D589BF500B48C50 /* Social.framework in Frameworks */ = {isa = PBXBuildFile; fileRef = 605A02BD1D589BF500B48C50 /* Social.framework */; };
/* End PBXBuildFile section */

/* Begin PBXContainerItemProxy section */
		6038F3651D52F1C400E69954 /* PBXContainerItemProxy */ = {
			isa = PBXContainerItemProxy;
			containerPortal = 6038F3431D52F1C400E69954 /* Project object */;
			proxyType = 1;
			remoteGlobalIDString = 6038F34A1D52F1C400E69954;
			remoteInfo = gMaps;
		};
		6038F3701D52F1C400E69954 /* PBXContainerItemProxy */ = {
			isa = PBXContainerItemProxy;
			containerPortal = 6038F3431D52F1C400E69954 /* Project object */;
			proxyType = 1;
			remoteGlobalIDString = 6038F34A1D52F1C400E69954;
			remoteInfo = gMaps;
		};
/* End PBXContainerItemProxy section */

/* Begin PBXFileReference section */
		6031142F1D5C213C00BA0C61 /* Fabric.framework */ = {isa = PBXFileReference; lastKnownFileType = wrapper.framework; path = Fabric.framework; sourceTree = "<group>"; };
		603114301D5C213C00BA0C61 /* TwitterKit.framework */ = {isa = PBXFileReference; lastKnownFileType = wrapper.framework; path = TwitterKit.framework; sourceTree = "<group>"; };
		603114311D5C213C00BA0C61 /* TwitterKitResources.bundle */ = {isa = PBXFileReference; lastKnownFileType = "wrapper.plug-in"; name = TwitterKitResources.bundle; path = TwitterKit.framework/Versions/A/Resources/TwitterKitResources.bundle; sourceTree = "<group>"; };
		603114321D5C213C00BA0C61 /* TwitterCore.framework */ = {isa = PBXFileReference; lastKnownFileType = wrapper.framework; path = TwitterCore.framework; sourceTree = "<group>"; };
		603114371D5C548E00BA0C61 /* ProfileTwitViewController.h */ = {isa = PBXFileReference; fileEncoding = 4; lastKnownFileType = sourcecode.c.h; path = ProfileTwitViewController.h; sourceTree = "<group>"; };
		603114381D5C548E00BA0C61 /* ProfileTwitViewController.m */ = {isa = PBXFileReference; fileEncoding = 4; lastKnownFileType = sourcecode.c.objc; path = ProfileTwitViewController.m; sourceTree = "<group>"; };
		6031143D1D5C8DE900BA0C61 /* SearchView.h */ = {isa = PBXFileReference; fileEncoding = 4; lastKnownFileType = sourcecode.c.h; name = SearchView.h; path = ../SearchView.h; sourceTree = "<group>"; };
		6031143E1D5C8DE900BA0C61 /* SearchView.m */ = {isa = PBXFileReference; fileEncoding = 4; lastKnownFileType = sourcecode.c.objc; name = SearchView.m; path = ../SearchView.m; sourceTree = "<group>"; };
		6033CD211D5B0D1C00A0F2A0 /* TwitViewController.h */ = {isa = PBXFileReference; fileEncoding = 4; lastKnownFileType = sourcecode.c.h; path = TwitViewController.h; sourceTree = "<group>"; };
		6033CD221D5B0D1C00A0F2A0 /* TwitViewController.m */ = {isa = PBXFileReference; fileEncoding = 4; lastKnownFileType = sourcecode.c.objc; path = TwitViewController.m; sourceTree = "<group>"; };
		6037682F1D5D98E800C9BC3B /* PlacesMO+CoreDataProperties.h */ = {isa = PBXFileReference; fileEncoding = 4; lastKnownFileType = sourcecode.c.h; path = "PlacesMO+CoreDataProperties.h"; sourceTree = "<group>"; };
		603768301D5D98E800C9BC3B /* PlacesMO+CoreDataProperties.m */ = {isa = PBXFileReference; fileEncoding = 4; lastKnownFileType = sourcecode.c.objc; path = "PlacesMO+CoreDataProperties.m"; sourceTree = "<group>"; };
		603768311D5D98E800C9BC3B /* PlacesMO.h */ = {isa = PBXFileReference; fileEncoding = 4; lastKnownFileType = sourcecode.c.h; path = PlacesMO.h; sourceTree = "<group>"; };
		603768321D5D98E800C9BC3B /* PlacesMO.m */ = {isa = PBXFileReference; fileEncoding = 4; lastKnownFileType = sourcecode.c.objc; path = PlacesMO.m; sourceTree = "<group>"; };
		6038F34B1D52F1C400E69954 /* gMaps.app */ = {isa = PBXFileReference; explicitFileType = wrapper.application; includeInIndex = 0; path = gMaps.app; sourceTree = BUILT_PRODUCTS_DIR; };
		6038F34F1D52F1C400E69954 /* main.m */ = {isa = PBXFileReference; lastKnownFileType = sourcecode.c.objc; path = main.m; sourceTree = "<group>"; };
		6038F3511D52F1C400E69954 /* AppDelegate.h */ = {isa = PBXFileReference; lastKnownFileType = sourcecode.c.h; path = AppDelegate.h; sourceTree = "<group>"; };
		6038F3521D52F1C400E69954 /* AppDelegate.m */ = {isa = PBXFileReference; lastKnownFileType = sourcecode.c.objc; path = AppDelegate.m; sourceTree = "<group>"; };
		6038F3541D52F1C400E69954 /* ViewController.h */ = {isa = PBXFileReference; lastKnownFileType = sourcecode.c.h; path = ViewController.h; sourceTree = "<group>"; };
		6038F3551D52F1C400E69954 /* ViewController.m */ = {isa = PBXFileReference; lastKnownFileType = sourcecode.c.objc; path = ViewController.m; sourceTree = "<group>"; };
		6038F3581D52F1C400E69954 /* Base */ = {isa = PBXFileReference; lastKnownFileType = file.storyboard; name = Base; path = Base.lproj/Main.storyboard; sourceTree = "<group>"; };
		6038F35A1D52F1C400E69954 /* Assets.xcassets */ = {isa = PBXFileReference; lastKnownFileType = folder.assetcatalog; path = Assets.xcassets; sourceTree = "<group>"; };
		6038F35D1D52F1C400E69954 /* Base */ = {isa = PBXFileReference; lastKnownFileType = file.storyboard; name = Base; path = Base.lproj/LaunchScreen.storyboard; sourceTree = "<group>"; };
		6038F35F1D52F1C400E69954 /* Info.plist */ = {isa = PBXFileReference; lastKnownFileType = text.plist.xml; path = Info.plist; sourceTree = "<group>"; };
		6038F3641D52F1C400E69954 /* gMapsTests.xctest */ = {isa = PBXFileReference; explicitFileType = wrapper.cfbundle; includeInIndex = 0; path = gMapsTests.xctest; sourceTree = BUILT_PRODUCTS_DIR; };
		6038F3681D52F1C400E69954 /* gMapsTests.m */ = {isa = PBXFileReference; lastKnownFileType = sourcecode.c.objc; path = gMapsTests.m; sourceTree = "<group>"; };
		6038F36A1D52F1C400E69954 /* Info.plist */ = {isa = PBXFileReference; lastKnownFileType = text.plist.xml; path = Info.plist; sourceTree = "<group>"; };
		6038F36F1D52F1C400E69954 /* gMapsUITests.xctest */ = {isa = PBXFileReference; explicitFileType = wrapper.cfbundle; includeInIndex = 0; path = gMapsUITests.xctest; sourceTree = BUILT_PRODUCTS_DIR; };
		6038F3731D52F1C400E69954 /* gMapsUITests.m */ = {isa = PBXFileReference; lastKnownFileType = sourcecode.c.objc; path = gMapsUITests.m; sourceTree = "<group>"; };
		6038F3751D52F1C400E69954 /* Info.plist */ = {isa = PBXFileReference; lastKnownFileType = text.plist.xml; path = Info.plist; sourceTree = "<group>"; };
		6038F3811D52F4D700E69954 /* GoogleMapsBase.framework */ = {isa = PBXFileReference; lastKnownFileType = wrapper.framework; path = GoogleMapsBase.framework; sourceTree = "<group>"; };
		6038F3831D52F4F600E69954 /* GoogleMaps.framework */ = {isa = PBXFileReference; lastKnownFileType = wrapper.framework; path = GoogleMaps.framework; sourceTree = "<group>"; };
		6038F3851D52F50B00E69954 /* GoogleMapsCore.framework */ = {isa = PBXFileReference; lastKnownFileType = wrapper.framework; path = GoogleMapsCore.framework; sourceTree = "<group>"; };
		6038F3871D52F78300E69954 /* GoogleMaps.bundle */ = {isa = PBXFileReference; lastKnownFileType = "wrapper.plug-in"; name = GoogleMaps.bundle; path = GoogleMaps.framework/Versions/A/Resources/GoogleMaps.bundle; sourceTree = "<group>"; };
		6038F3891D52F81400E69954 /* Accelerate.framework */ = {isa = PBXFileReference; lastKnownFileType = wrapper.framework; name = Accelerate.framework; path = System/Library/Frameworks/Accelerate.framework; sourceTree = SDKROOT; };
		6038F38B1D52F82900E69954 /* CoreData.framework */ = {isa = PBXFileReference; lastKnownFileType = wrapper.framework; name = CoreData.framework; path = System/Library/Frameworks/CoreData.framework; sourceTree = SDKROOT; };
		6038F38D1D52F83100E69954 /* CoreGraphics.framework */ = {isa = PBXFileReference; lastKnownFileType = wrapper.framework; name = CoreGraphics.framework; path = System/Library/Frameworks/CoreGraphics.framework; sourceTree = SDKROOT; };
		6038F38F1D52F83900E69954 /* CoreLocation.framework */ = {isa = PBXFileReference; lastKnownFileType = wrapper.framework; name = CoreLocation.framework; path = System/Library/Frameworks/CoreLocation.framework; sourceTree = SDKROOT; };
		6038F3911D52F84200E69954 /* CoreText.framework */ = {isa = PBXFileReference; lastKnownFileType = wrapper.framework; name = CoreText.framework; path = System/Library/Frameworks/CoreText.framework; sourceTree = SDKROOT; };
		6038F3931D52F84A00E69954 /* GLKit.framework */ = {isa = PBXFileReference; lastKnownFileType = wrapper.framework; name = GLKit.framework; path = System/Library/Frameworks/GLKit.framework; sourceTree = SDKROOT; };
		6038F3951D52F85200E69954 /* ImageIO.framework */ = {isa = PBXFileReference; lastKnownFileType = wrapper.framework; name = ImageIO.framework; path = System/Library/Frameworks/ImageIO.framework; sourceTree = SDKROOT; };
		6038F3971D52F86600E69954 /* libc++.tbd */ = {isa = PBXFileReference; lastKnownFileType = "sourcecode.text-based-dylib-definition"; name = "libc++.tbd"; path = "usr/lib/libc++.tbd"; sourceTree = SDKROOT; };
		6038F3991D52F87600E69954 /* libz.tbd */ = {isa = PBXFileReference; lastKnownFileType = "sourcecode.text-based-dylib-definition"; name = libz.tbd; path = usr/lib/libz.tbd; sourceTree = SDKROOT; };
		6038F39B1D52F87F00E69954 /* OpenGLES.framework */ = {isa = PBXFileReference; lastKnownFileType = wrapper.framework; name = OpenGLES.framework; path = System/Library/Frameworks/OpenGLES.framework; sourceTree = SDKROOT; };
		6038F39D1D52F88700E69954 /* QuartzCore.framework */ = {isa = PBXFileReference; lastKnownFileType = wrapper.framework; name = QuartzCore.framework; path = System/Library/Frameworks/QuartzCore.framework; sourceTree = SDKROOT; };
		6038F39F1D52F89800E69954 /* SystemConfiguration.framework */ = {isa = PBXFileReference; lastKnownFileType = wrapper.framework; name = SystemConfiguration.framework; path = System/Library/Frameworks/SystemConfiguration.framework; sourceTree = SDKROOT; };
		6038F3A11D52F8A600E69954 /* UIKit.framework */ = {isa = PBXFileReference; lastKnownFileType = wrapper.framework; name = UIKit.framework; path = System/Library/Frameworks/UIKit.framework; sourceTree = SDKROOT; };
		6038F3A31D53365100E69954 /* AppleUSA1.png */ = {isa = PBXFileReference; lastKnownFileType = image.png; name = AppleUSA1.png; path = ../../../../Downloads/AppleUSA1.png; sourceTree = "<group>"; };
		6038F3A51D533A6500E69954 /* menu.png */ = {isa = PBXFileReference; lastKnownFileType = image.png; name = menu.png; path = ../../../../Downloads/menu.png; sourceTree = "<group>"; };
		60505B1F1D544CD6004BC2BF /* SWRevealViewController.m */ = {isa = PBXFileReference; fileEncoding = 4; lastKnownFileType = sourcecode.c.objc; path = SWRevealViewController.m; sourceTree = "<group>"; };
		60505B211D544CDF004BC2BF /* SWRevealViewController.h */ = {isa = PBXFileReference; lastKnownFileType = sourcecode.c.h; path = SWRevealViewController.h; sourceTree = "<group>"; };
		60505B221D5458D3004BC2BF /* NavigationViewController.h */ = {isa = PBXFileReference; fileEncoding = 4; lastKnownFileType = sourcecode.c.h; name = NavigationViewController.h; path = ../NavigationViewController.h; sourceTree = "<group>"; };
		60505B231D5458D3004BC2BF /* NavigationViewController.m */ = {isa = PBXFileReference; fileEncoding = 4; lastKnownFileType = sourcecode.c.objc; name = NavigationViewController.m; path = ../NavigationViewController.m; sourceTree = "<group>"; };
		60505B251D547061004BC2BF /* fb.png */ = {isa = PBXFileReference; lastKnownFileType = image.png; path = fb.png; sourceTree = "<group>"; };
		60505B271D5477D1004BC2BF /* gMaps.png */ = {isa = PBXFileReference; lastKnownFileType = image.png; path = gMaps.png; sourceTree = "<group>"; };
		60505B2C1D549291004BC2BF /* FBViewController.h */ = {isa = PBXFileReference; fileEncoding = 4; lastKnownFileType = sourcecode.c.h; path = FBViewController.h; sourceTree = "<group>"; };
		60505B2D1D549291004BC2BF /* FBViewController.m */ = {isa = PBXFileReference; fileEncoding = 4; lastKnownFileType = sourcecode.c.objc; path = FBViewController.m; sourceTree = "<group>"; };
		60505B2F1D54A613004BC2BF /* GooglePlaces.framework */ = {isa = PBXFileReference; lastKnownFileType = wrapper.framework; path = GooglePlaces.framework; sourceTree = "<group>"; };
		60505B311D54A681004BC2BF /* GooglePlacePicker.framework */ = {isa = PBXFileReference; lastKnownFileType = wrapper.framework; path = GooglePlacePicker.framework; sourceTree = "<group>"; };
		60505B331D54A6F6004BC2BF /* GooglePlaces.bundle */ = {isa = PBXFileReference; lastKnownFileType = "wrapper.plug-in"; name = GooglePlaces.bundle; path = GooglePlaces.framework/Versions/A/Resources/GooglePlaces.bundle; sourceTree = "<group>"; };
		60505B351D54A74B004BC2BF /* GooglePlacePicker.bundle */ = {isa = PBXFileReference; lastKnownFileType = "wrapper.plug-in"; name = GooglePlacePicker.bundle; path = GooglePlacePicker.framework/Versions/A/Resources/GooglePlacePicker.bundle; sourceTree = "<group>"; };
		6052752B1D598EA2007790FD /* Model.xcdatamodel */ = {isa = PBXFileReference; lastKnownFileType = wrapper.xcdatamodel; path = Model.xcdatamodel; sourceTree = "<group>"; };
		6052752D1D59E496007790FD /* ProfileFBViewController.h */ = {isa = PBXFileReference; fileEncoding = 4; lastKnownFileType = sourcecode.c.h; path = ProfileFBViewController.h; sourceTree = "<group>"; };
		6052752E1D59E496007790FD /* ProfileFBViewController.m */ = {isa = PBXFileReference; fileEncoding = 4; lastKnownFileType = sourcecode.c.objc; path = ProfileFBViewController.m; sourceTree = "<group>"; };
		605A02971D588E4B00B48C50 /* Bolts.framework */ = {isa = PBXFileReference; lastKnownFileType = wrapper.framework; path = Bolts.framework; sourceTree = "<group>"; };
		605A02991D588E5300B48C50 /* FBSDKCoreKit.framework */ = {isa = PBXFileReference; lastKnownFileType = wrapper.framework; path = FBSDKCoreKit.framework; sourceTree = "<group>"; };
		605A029B1D588E5B00B48C50 /* FBSDKLoginKit.framework */ = {isa = PBXFileReference; lastKnownFileType = wrapper.framework; path = FBSDKLoginKit.framework; sourceTree = "<group>"; };
		605A029D1D588E6100B48C50 /* FBSDKShareKit.framework */ = {isa = PBXFileReference; lastKnownFileType = wrapper.framework; path = FBSDKShareKit.framework; sourceTree = "<group>"; };
		605A029F1D58959200B48C50 /* twit.png */ = {isa = PBXFileReference; lastKnownFileType = image.png; path = twit.png; sourceTree = "<group>"; };
		605A02A11D589AD000B48C50 /* MoPubSDK */ = {isa = PBXFileReference; lastKnownFileType = folder; path = MoPubSDK; sourceTree = "<group>"; };
		605A02A31D589B0D00B48C50 /* AdSupport.framework */ = {isa = PBXFileReference; lastKnownFileType = wrapper.framework; name = AdSupport.framework; path = System/Library/Frameworks/AdSupport.framework; sourceTree = SDKROOT; };
		605A02A51D589B3600B48C50 /* CoreTelephony.framework */ = {isa = PBXFileReference; lastKnownFileType = wrapper.framework; name = CoreTelephony.framework; path = System/Library/Frameworks/CoreTelephony.framework; sourceTree = SDKROOT; };
		605A02A71D589B4500B48C50 /* EventKit.framework */ = {isa = PBXFileReference; lastKnownFileType = wrapper.framework; name = EventKit.framework; path = System/Library/Frameworks/EventKit.framework; sourceTree = SDKROOT; };
		605A02A81D589B4500B48C50 /* EventKitUI.framework */ = {isa = PBXFileReference; lastKnownFileType = wrapper.framework; name = EventKitUI.framework; path = System/Library/Frameworks/EventKitUI.framework; sourceTree = SDKROOT; };
		605A02AB1D589B5A00B48C50 /* Foundation.framework */ = {isa = PBXFileReference; lastKnownFileType = wrapper.framework; name = Foundation.framework; path = System/Library/Frameworks/Foundation.framework; sourceTree = SDKROOT; };
		605A02AD1D589B6700B48C50 /* MediaPlayer.framework */ = {isa = PBXFileReference; lastKnownFileType = wrapper.framework; name = MediaPlayer.framework; path = System/Library/Frameworks/MediaPlayer.framework; sourceTree = SDKROOT; };
		605A02AF1D589B7E00B48C50 /* StoreKit.framework */ = {isa = PBXFileReference; lastKnownFileType = wrapper.framework; name = StoreKit.framework; path = System/Library/Frameworks/StoreKit.framework; sourceTree = SDKROOT; };
		605A02B11D589BB900B48C50 /* AudioToolbox.framework */ = {isa = PBXFileReference; lastKnownFileType = wrapper.framework; name = AudioToolbox.framework; path = System/Library/Frameworks/AudioToolbox.framework; sourceTree = SDKROOT; };
		605A02B31D589BC400B48C50 /* AVFoundation.framework */ = {isa = PBXFileReference; lastKnownFileType = wrapper.framework; name = AVFoundation.framework; path = System/Library/Frameworks/AVFoundation.framework; sourceTree = SDKROOT; };
		605A02B51D589BCD00B48C50 /* iAd.framework */ = {isa = PBXFileReference; lastKnownFileType = wrapper.framework; name = iAd.framework; path = System/Library/Frameworks/iAd.framework; sourceTree = SDKROOT; };
		605A02B71D589BD600B48C50 /* MessageUI.framework */ = {isa = PBXFileReference; lastKnownFileType = wrapper.framework; name = MessageUI.framework; path = System/Library/Frameworks/MessageUI.framework; sourceTree = SDKROOT; };
		605A02B91D589BE300B48C50 /* MobileCoreServices.framework */ = {isa = PBXFileReference; lastKnownFileType = wrapper.framework; name = MobileCoreServices.framework; path = System/Library/Frameworks/MobileCoreServices.framework; sourceTree = SDKROOT; };
		605A02BB1D589BED00B48C50 /* PassKit.framework */ = {isa = PBXFileReference; lastKnownFileType = wrapper.framework; name = PassKit.framework; path = System/Library/Frameworks/PassKit.framework; sourceTree = SDKROOT; };
		605A02BD1D589BF500B48C50 /* Social.framework */ = {isa = PBXFileReference; lastKnownFileType = wrapper.framework; name = Social.framework; path = System/Library/Frameworks/Social.framework; sourceTree = SDKROOT; };
/* End PBXFileReference section */

/* Begin PBXFrameworksBuildPhase section */
		6038F3481D52F1C400E69954 /* Frameworks */ = {
			isa = PBXFrameworksBuildPhase;
			buildActionMask = 2147483647;
			files = (
				605A02B61D589BCD00B48C50 /* iAd.framework in Frameworks */,
				605A02B41D589BC400B48C50 /* AVFoundation.framework in Frameworks */,
				605A02B21D589BB900B48C50 /* AudioToolbox.framework in Frameworks */,
				6038F38C1D52F82900E69954 /* CoreData.framework in Frameworks */,
				605A02BE1D589BF500B48C50 /* Social.framework in Frameworks */,
				603114341D5C213C00BA0C61 /* TwitterKit.framework in Frameworks */,
				605A02BC1D589BED00B48C50 /* PassKit.framework in Frameworks */,
				605A02BA1D589BE300B48C50 /* MobileCoreServices.framework in Frameworks */,
				605A02B81D589BD600B48C50 /* MessageUI.framework in Frameworks */,
				6038F3A21D52F8A600E69954 /* UIKit.framework in Frameworks */,
				6038F3A01D52F89800E69954 /* SystemConfiguration.framework in Frameworks */,
				605A02B01D589B7E00B48C50 /* StoreKit.framework in Frameworks */,
				6038F39E1D52F88700E69954 /* QuartzCore.framework in Frameworks */,
				605A02AE1D589B6700B48C50 /* MediaPlayer.framework in Frameworks */,
				605A02AC1D589B5A00B48C50 /* Foundation.framework in Frameworks */,
				605A02A91D589B4500B48C50 /* EventKit.framework in Frameworks */,
				605A02AA1D589B4500B48C50 /* EventKitUI.framework in Frameworks */,
				605A02A61D589B3600B48C50 /* CoreTelephony.framework in Frameworks */,
				6038F3901D52F83900E69954 /* CoreLocation.framework in Frameworks */,
				6038F38E1D52F83100E69954 /* CoreGraphics.framework in Frameworks */,
				605A02A41D589B0D00B48C50 /* AdSupport.framework in Frameworks */,
				605A02981D588E4B00B48C50 /* Bolts.framework in Frameworks */,
				60505B321D54A681004BC2BF /* GooglePlacePicker.framework in Frameworks */,
				605A029A1D588E5300B48C50 /* FBSDKCoreKit.framework in Frameworks */,
				605A029E1D588E6100B48C50 /* FBSDKShareKit.framework in Frameworks */,
				603114361D5C213C00BA0C61 /* TwitterCore.framework in Frameworks */,
				6038F39C1D52F87F00E69954 /* OpenGLES.framework in Frameworks */,
				60505B301D54A613004BC2BF /* GooglePlaces.framework in Frameworks */,
				6038F39A1D52F87600E69954 /* libz.tbd in Frameworks */,
				6038F3981D52F86600E69954 /* libc++.tbd in Frameworks */,
				6038F3961D52F85200E69954 /* ImageIO.framework in Frameworks */,
				605A029C1D588E5B00B48C50 /* FBSDKLoginKit.framework in Frameworks */,
				6038F3941D52F84A00E69954 /* GLKit.framework in Frameworks */,
				6038F3921D52F84200E69954 /* CoreText.framework in Frameworks */,
				6038F38A1D52F81400E69954 /* Accelerate.framework in Frameworks */,
				603114331D5C213C00BA0C61 /* Fabric.framework in Frameworks */,
				6038F3841D52F4F600E69954 /* GoogleMaps.framework in Frameworks */,
				6038F3861D52F50B00E69954 /* GoogleMapsCore.framework in Frameworks */,
				6038F3821D52F4D700E69954 /* GoogleMapsBase.framework in Frameworks */,
			);
			runOnlyForDeploymentPostprocessing = 0;
		};
		6038F3611D52F1C400E69954 /* Frameworks */ = {
			isa = PBXFrameworksBuildPhase;
			buildActionMask = 2147483647;
			files = (
			);
			runOnlyForDeploymentPostprocessing = 0;
		};
		6038F36C1D52F1C400E69954 /* Frameworks */ = {
			isa = PBXFrameworksBuildPhase;
			buildActionMask = 2147483647;
			files = (
			);
			runOnlyForDeploymentPostprocessing = 0;
		};
/* End PBXFrameworksBuildPhase section */

/* Begin PBXGroup section */
		6038F3421D52F1C400E69954 = {
			isa = PBXGroup;
			children = (
				6031142F1D5C213C00BA0C61 /* Fabric.framework */,
				603114301D5C213C00BA0C61 /* TwitterKit.framework */,
				603114311D5C213C00BA0C61 /* TwitterKitResources.bundle */,
				603114321D5C213C00BA0C61 /* TwitterCore.framework */,
				605A02A11D589AD000B48C50 /* MoPubSDK */,
				605275291D5986BF007790FD /* Bundles */,
				605275271D598614007790FD /* Frameworks */,
				605275281D59864E007790FD /* Images */,
				6038F3971D52F86600E69954 /* libc++.tbd */,
				6038F3991D52F87600E69954 /* libz.tbd */,
				6038F34D1D52F1C400E69954 /* gMaps */,
				6038F3671D52F1C400E69954 /* gMapsTests */,
				6038F3721D52F1C400E69954 /* gMapsUITests */,
				6038F34C1D52F1C400E69954 /* Products */,
			);
			sourceTree = "<group>";
		};
		6038F34C1D52F1C400E69954 /* Products */ = {
			isa = PBXGroup;
			children = (
				6038F34B1D52F1C400E69954 /* gMaps.app */,
				6038F3641D52F1C400E69954 /* gMapsTests.xctest */,
				6038F36F1D52F1C400E69954 /* gMapsUITests.xctest */,
			);
			name = Products;
			sourceTree = "<group>";
		};
		6038F34D1D52F1C400E69954 /* gMaps */ = {
			isa = PBXGroup;
			children = (
				6038F3511D52F1C400E69954 /* AppDelegate.h */,
				6038F3521D52F1C400E69954 /* AppDelegate.m */,
				60505B211D544CDF004BC2BF /* SWRevealViewController.h */,
				60505B1F1D544CD6004BC2BF /* SWRevealViewController.m */,
				60505B221D5458D3004BC2BF /* NavigationViewController.h */,
				60505B231D5458D3004BC2BF /* NavigationViewController.m */,
				6038F3541D52F1C400E69954 /* ViewController.h */,
				6038F3551D52F1C400E69954 /* ViewController.m */,
				60505B2C1D549291004BC2BF /* FBViewController.h */,
				60505B2D1D549291004BC2BF /* FBViewController.m */,
				6052752D1D59E496007790FD /* ProfileFBViewController.h */,
				6052752E1D59E496007790FD /* ProfileFBViewController.m */,
				6033CD211D5B0D1C00A0F2A0 /* TwitViewController.h */,
				6033CD221D5B0D1C00A0F2A0 /* TwitViewController.m */,
				603114371D5C548E00BA0C61 /* ProfileTwitViewController.h */,
				603114381D5C548E00BA0C61 /* ProfileTwitViewController.m */,
				6031143D1D5C8DE900BA0C61 /* SearchView.h */,
				6031143E1D5C8DE900BA0C61 /* SearchView.m */,
				6038F3571D52F1C400E69954 /* Main.storyboard */,
				6038F35C1D52F1C400E69954 /* LaunchScreen.storyboard */,
				6038F35A1D52F1C400E69954 /* Assets.xcassets */,
				6038F35F1D52F1C400E69954 /* Info.plist */,
				6052752A1D598EA2007790FD /* Model.xcdatamodeld */,
				6037682F1D5D98E800C9BC3B /* PlacesMO+CoreDataProperties.h */,
				603768301D5D98E800C9BC3B /* PlacesMO+CoreDataProperties.m */,
				603768311D5D98E800C9BC3B /* PlacesMO.h */,
				603768321D5D98E800C9BC3B /* PlacesMO.m */,
				6038F34E1D52F1C400E69954 /* Supporting Files */,
			);
			path = gMaps;
			sourceTree = "<group>";
		};
		6038F34E1D52F1C400E69954 /* Supporting Files */ = {
			isa = PBXGroup;
			children = (
				6038F34F1D52F1C400E69954 /* main.m */,
			);
			name = "Supporting Files";
			sourceTree = "<group>";
		};
		6038F3671D52F1C400E69954 /* gMapsTests */ = {
			isa = PBXGroup;
			children = (
				6038F3681D52F1C400E69954 /* gMapsTests.m */,
				6038F36A1D52F1C400E69954 /* Info.plist */,
			);
			path = gMapsTests;
			sourceTree = "<group>";
		};
		6038F3721D52F1C400E69954 /* gMapsUITests */ = {
			isa = PBXGroup;
			children = (
				6038F3731D52F1C400E69954 /* gMapsUITests.m */,
				6038F3751D52F1C400E69954 /* Info.plist */,
			);
			path = gMapsUITests;
			sourceTree = "<group>";
		};
		605275271D598614007790FD /* Frameworks */ = {
			isa = PBXGroup;
			children = (
				6038F3891D52F81400E69954 /* Accelerate.framework */,
				605A02A31D589B0D00B48C50 /* AdSupport.framework */,
				605A02B11D589BB900B48C50 /* AudioToolbox.framework */,
				605A02B31D589BC400B48C50 /* AVFoundation.framework */,
				605A02971D588E4B00B48C50 /* Bolts.framework */,
				6038F38B1D52F82900E69954 /* CoreData.framework */,
				6038F38D1D52F83100E69954 /* CoreGraphics.framework */,
				6038F38F1D52F83900E69954 /* CoreLocation.framework */,
				605A02A51D589B3600B48C50 /* CoreTelephony.framework */,
				6038F3911D52F84200E69954 /* CoreText.framework */,
				605A02A71D589B4500B48C50 /* EventKit.framework */,
				605A02A81D589B4500B48C50 /* EventKitUI.framework */,
				605A02991D588E5300B48C50 /* FBSDKCoreKit.framework */,
				605A029B1D588E5B00B48C50 /* FBSDKLoginKit.framework */,
				605A029D1D588E6100B48C50 /* FBSDKShareKit.framework */,
				605A02AB1D589B5A00B48C50 /* Foundation.framework */,
				6038F3931D52F84A00E69954 /* GLKit.framework */,
				6038F3831D52F4F600E69954 /* GoogleMaps.framework */,
				6038F3811D52F4D700E69954 /* GoogleMapsBase.framework */,
				6038F3851D52F50B00E69954 /* GoogleMapsCore.framework */,
				60505B311D54A681004BC2BF /* GooglePlacePicker.framework */,
				60505B2F1D54A613004BC2BF /* GooglePlaces.framework */,
				605A02B51D589BCD00B48C50 /* iAd.framework */,
				6038F3951D52F85200E69954 /* ImageIO.framework */,
				605A02AD1D589B6700B48C50 /* MediaPlayer.framework */,
				605A02B71D589BD600B48C50 /* MessageUI.framework */,
				605A02B91D589BE300B48C50 /* MobileCoreServices.framework */,
				6038F39B1D52F87F00E69954 /* OpenGLES.framework */,
				605A02BB1D589BED00B48C50 /* PassKit.framework */,
				6038F39D1D52F88700E69954 /* QuartzCore.framework */,
				605A02BD1D589BF500B48C50 /* Social.framework */,
				605A02AF1D589B7E00B48C50 /* StoreKit.framework */,
				6038F39F1D52F89800E69954 /* SystemConfiguration.framework */,
				6038F3A11D52F8A600E69954 /* UIKit.framework */,
			);
			name = Frameworks;
			sourceTree = "<group>";
		};
		605275281D59864E007790FD /* Images */ = {
			isa = PBXGroup;
			children = (
				6038F3A31D53365100E69954 /* AppleUSA1.png */,
				60505B251D547061004BC2BF /* fb.png */,
				60505B271D5477D1004BC2BF /* gMaps.png */,
				6038F3A51D533A6500E69954 /* menu.png */,
				605A029F1D58959200B48C50 /* twit.png */,
			);
			name = Images;
			sourceTree = "<group>";
		};
		605275291D5986BF007790FD /* Bundles */ = {
			isa = PBXGroup;
			children = (
				6038F3871D52F78300E69954 /* GoogleMaps.bundle */,
				60505B351D54A74B004BC2BF /* GooglePlacePicker.bundle */,
				60505B331D54A6F6004BC2BF /* GooglePlaces.bundle */,
			);
			name = Bundles;
			sourceTree = "<group>";
		};
/* End PBXGroup section */

/* Begin PBXNativeTarget section */
		6038F34A1D52F1C400E69954 /* gMaps */ = {
			isa = PBXNativeTarget;
			buildConfigurationList = 6038F3781D52F1C400E69954 /* Build configuration list for PBXNativeTarget "gMaps" */;
			buildPhases = (
				6038F3471D52F1C400E69954 /* Sources */,
				6038F3481D52F1C400E69954 /* Frameworks */,
				6038F3491D52F1C400E69954 /* Resources */,
				6031142E1D5C20B300BA0C61 /* ShellScript */,
			);
			buildRules = (
			);
			dependencies = (
			);
			name = gMaps;
			productName = gMaps;
			productReference = 6038F34B1D52F1C400E69954 /* gMaps.app */;
			productType = "com.apple.product-type.application";
		};
		6038F3631D52F1C400E69954 /* gMapsTests */ = {
			isa = PBXNativeTarget;
			buildConfigurationList = 6038F37B1D52F1C400E69954 /* Build configuration list for PBXNativeTarget "gMapsTests" */;
			buildPhases = (
				6038F3601D52F1C400E69954 /* Sources */,
				6038F3611D52F1C400E69954 /* Frameworks */,
				6038F3621D52F1C400E69954 /* Resources */,
			);
			buildRules = (
			);
			dependencies = (
				6038F3661D52F1C400E69954 /* PBXTargetDependency */,
			);
			name = gMapsTests;
			productName = gMapsTests;
			productReference = 6038F3641D52F1C400E69954 /* gMapsTests.xctest */;
			productType = "com.apple.product-type.bundle.unit-test";
		};
		6038F36E1D52F1C400E69954 /* gMapsUITests */ = {
			isa = PBXNativeTarget;
			buildConfigurationList = 6038F37E1D52F1C400E69954 /* Build configuration list for PBXNativeTarget "gMapsUITests" */;
			buildPhases = (
				6038F36B1D52F1C400E69954 /* Sources */,
				6038F36C1D52F1C400E69954 /* Frameworks */,
				6038F36D1D52F1C400E69954 /* Resources */,
			);
			buildRules = (
			);
			dependencies = (
				6038F3711D52F1C400E69954 /* PBXTargetDependency */,
			);
			name = gMapsUITests;
			productName = gMapsUITests;
			productReference = 6038F36F1D52F1C400E69954 /* gMapsUITests.xctest */;
			productType = "com.apple.product-type.bundle.ui-testing";
		};
/* End PBXNativeTarget section */

/* Begin PBXProject section */
		6038F3431D52F1C400E69954 /* Project object */ = {
			isa = PBXProject;
			attributes = {
				LastUpgradeCheck = 0730;
				ORGANIZATIONNAME = LLDM;
				TargetAttributes = {
					6038F34A1D52F1C400E69954 = {
						CreatedOnToolsVersion = 7.3.1;
					};
					6038F3631D52F1C400E69954 = {
						CreatedOnToolsVersion = 7.3.1;
						TestTargetID = 6038F34A1D52F1C400E69954;
					};
					6038F36E1D52F1C400E69954 = {
						CreatedOnToolsVersion = 7.3.1;
						TestTargetID = 6038F34A1D52F1C400E69954;
					};
				};
			};
			buildConfigurationList = 6038F3461D52F1C400E69954 /* Build configuration list for PBXProject "gMaps" */;
			compatibilityVersion = "Xcode 3.2";
			developmentRegion = English;
			hasScannedForEncodings = 0;
			knownRegions = (
				en,
				Base,
			);
			mainGroup = 6038F3421D52F1C400E69954;
			productRefGroup = 6038F34C1D52F1C400E69954 /* Products */;
			projectDirPath = "";
			projectRoot = "";
			targets = (
				6038F34A1D52F1C400E69954 /* gMaps */,
				6038F3631D52F1C400E69954 /* gMapsTests */,
				6038F36E1D52F1C400E69954 /* gMapsUITests */,
			);
		};
/* End PBXProject section */

/* Begin PBXResourcesBuildPhase section */
		6038F3491D52F1C400E69954 /* Resources */ = {
			isa = PBXResourcesBuildPhase;
			buildActionMask = 2147483647;
			files = (
				6038F3A41D53365100E69954 /* AppleUSA1.png in Resources */,
				605A02A21D589AD000B48C50 /* MoPubSDK in Resources */,
				603114351D5C213C00BA0C61 /* TwitterKitResources.bundle in Resources */,
				60505B261D547061004BC2BF /* fb.png in Resources */,
				6038F35E1D52F1C400E69954 /* LaunchScreen.storyboard in Resources */,
				6038F3A61D533A6500E69954 /* menu.png in Resources */,
				60505B281D5477D2004BC2BF /* gMaps.png in Resources */,
				6038F35B1D52F1C400E69954 /* Assets.xcassets in Resources */,
				6038F3591D52F1C400E69954 /* Main.storyboard in Resources */,
				60505B341D54A6F6004BC2BF /* GooglePlaces.bundle in Resources */,
				605A02A01D58959200B48C50 /* twit.png in Resources */,
				60505B361D54A74B004BC2BF /* GooglePlacePicker.bundle in Resources */,
				6038F3881D52F78300E69954 /* GoogleMaps.bundle in Resources */,
			);
			runOnlyForDeploymentPostprocessing = 0;
		};
		6038F3621D52F1C400E69954 /* Resources */ = {
			isa = PBXResourcesBuildPhase;
			buildActionMask = 2147483647;
			files = (
			);
			runOnlyForDeploymentPostprocessing = 0;
		};
		6038F36D1D52F1C400E69954 /* Resources */ = {
			isa = PBXResourcesBuildPhase;
			buildActionMask = 2147483647;
			files = (
			);
			runOnlyForDeploymentPostprocessing = 0;
		};
/* End PBXResourcesBuildPhase section */

/* Begin PBXShellScriptBuildPhase section */
		6031142E1D5C20B300BA0C61 /* ShellScript */ = {
			isa = PBXShellScriptBuildPhase;
			buildActionMask = 2147483647;
			files = (
			);
			inputPaths = (
			);
			outputPaths = (
			);
			runOnlyForDeploymentPostprocessing = 0;
			shellPath = /bin/sh;
			shellScript = "./Fabric.framework/run 14ab32f74969445eb9ba967cc0a0ae159b5d2c5c 5fb9bc2947658ee89060bb7bb8d4e59a63af40c45e61329047e5528dda60bb86";
		};
/* End PBXShellScriptBuildPhase section */

/* Begin PBXSourcesBuildPhase section */
		6038F3471D52F1C400E69954 /* Sources */ = {
			isa = PBXSourcesBuildPhase;
			buildActionMask = 2147483647;
			files = (
				6031143F1D5C8DE900BA0C61 /* SearchView.m in Sources */,
				6038F3561D52F1C400E69954 /* ViewController.m in Sources */,
				6038F3531D52F1C400E69954 /* AppDelegate.m in Sources */,
				603768331D5D98E800C9BC3B /* PlacesMO+CoreDataProperties.m in Sources */,
				60505B2E1D549291004BC2BF /* FBViewController.m in Sources */,
				6052752C1D598EA2007790FD /* Model.xcdatamodeld in Sources */,
				6052752F1D59E496007790FD /* ProfileFBViewController.m in Sources */,
				60505B241D5458D3004BC2BF /* NavigationViewController.m in Sources */,
				603114391D5C548E00BA0C61 /* ProfileTwitViewController.m in Sources */,
				6033CD231D5B0D1C00A0F2A0 /* TwitViewController.m in Sources */,
				6038F3501D52F1C400E69954 /* main.m in Sources */,
				603768341D5D98E800C9BC3B /* PlacesMO.m in Sources */,
				60505B201D544CD6004BC2BF /* SWRevealViewController.m in Sources */,
			);
			runOnlyForDeploymentPostprocessing = 0;
		};
		6038F3601D52F1C400E69954 /* Sources */ = {
			isa = PBXSourcesBuildPhase;
			buildActionMask = 2147483647;
			files = (
				6038F3691D52F1C400E69954 /* gMapsTests.m in Sources */,
			);
			runOnlyForDeploymentPostprocessing = 0;
		};
		6038F36B1D52F1C400E69954 /* Sources */ = {
			isa = PBXSourcesBuildPhase;
			buildActionMask = 2147483647;
			files = (
				6038F3741D52F1C400E69954 /* gMapsUITests.m in Sources */,
			);
			runOnlyForDeploymentPostprocessing = 0;
		};
/* End PBXSourcesBuildPhase section */

/* Begin PBXTargetDependency section */
		6038F3661D52F1C400E69954 /* PBXTargetDependency */ = {
			isa = PBXTargetDependency;
			target = 6038F34A1D52F1C400E69954 /* gMaps */;
			targetProxy = 6038F3651D52F1C400E69954 /* PBXContainerItemProxy */;
		};
		6038F3711D52F1C400E69954 /* PBXTargetDependency */ = {
			isa = PBXTargetDependency;
			target = 6038F34A1D52F1C400E69954 /* gMaps */;
			targetProxy = 6038F3701D52F1C400E69954 /* PBXContainerItemProxy */;
		};
/* End PBXTargetDependency section */

/* Begin PBXVariantGroup section */
		6038F3571D52F1C400E69954 /* Main.storyboard */ = {
			isa = PBXVariantGroup;
			children = (
				6038F3581D52F1C400E69954 /* Base */,
			);
			name = Main.storyboard;
			sourceTree = "<group>";
		};
		6038F35C1D52F1C400E69954 /* LaunchScreen.storyboard */ = {
			isa = PBXVariantGroup;
			children = (
				6038F35D1D52F1C400E69954 /* Base */,
			);
			name = LaunchScreen.storyboard;
			sourceTree = "<group>";
		};
/* End PBXVariantGroup section */

/* Begin XCBuildConfiguration section */
		6038F3761D52F1C400E69954 /* Debug */ = {
			isa = XCBuildConfiguration;
			buildSettings = {
				ALWAYS_SEARCH_USER_PATHS = NO;
				CLANG_ANALYZER_NONNULL = YES;
				CLANG_CXX_LANGUAGE_STANDARD = "gnu++0x";
				CLANG_CXX_LIBRARY = "libc++";
				CLANG_ENABLE_MODULES = YES;
				CLANG_ENABLE_OBJC_ARC = YES;
				CLANG_WARN_BOOL_CONVERSION = YES;
				CLANG_WARN_CONSTANT_CONVERSION = YES;
				CLANG_WARN_DIRECT_OBJC_ISA_USAGE = YES_ERROR;
				CLANG_WARN_EMPTY_BODY = YES;
				CLANG_WARN_ENUM_CONVERSION = YES;
				CLANG_WARN_INT_CONVERSION = YES;
				CLANG_WARN_OBJC_ROOT_CLASS = YES_ERROR;
				CLANG_WARN_UNREACHABLE_CODE = YES;
				CLANG_WARN__DUPLICATE_METHOD_MATCH = YES;
				"CODE_SIGN_IDENTITY[sdk=iphoneos*]" = "iPhone Developer";
				COPY_PHASE_STRIP = NO;
				DEBUG_INFORMATION_FORMAT = dwarf;
				ENABLE_STRICT_OBJC_MSGSEND = YES;
				ENABLE_TESTABILITY = YES;
				GCC_C_LANGUAGE_STANDARD = gnu99;
				GCC_DYNAMIC_NO_PIC = NO;
				GCC_NO_COMMON_BLOCKS = YES;
				GCC_OPTIMIZATION_LEVEL = 0;
				GCC_PREPROCESSOR_DEFINITIONS = (
					"DEBUG=1",
					"$(inherited)",
				);
				GCC_WARN_64_TO_32_BIT_CONVERSION = YES;
				GCC_WARN_ABOUT_RETURN_TYPE = YES_ERROR;
				GCC_WARN_UNDECLARED_SELECTOR = YES;
				GCC_WARN_UNINITIALIZED_AUTOS = YES_AGGRESSIVE;
				GCC_WARN_UNUSED_FUNCTION = YES;
				GCC_WARN_UNUSED_VARIABLE = YES;
				IPHONEOS_DEPLOYMENT_TARGET = 7.0;
				MTL_ENABLE_DEBUG_INFO = YES;
				ONLY_ACTIVE_ARCH = YES;
				OTHER_LDFLAGS = "-ObjC";
				SDKROOT = iphoneos;
				TARGETED_DEVICE_FAMILY = "1,2";
			};
			name = Debug;
		};
		6038F3771D52F1C400E69954 /* Release */ = {
			isa = XCBuildConfiguration;
			buildSettings = {
				ALWAYS_SEARCH_USER_PATHS = NO;
				CLANG_ANALYZER_NONNULL = YES;
				CLANG_CXX_LANGUAGE_STANDARD = "gnu++0x";
				CLANG_CXX_LIBRARY = "libc++";
				CLANG_ENABLE_MODULES = YES;
				CLANG_ENABLE_OBJC_ARC = YES;
				CLANG_WARN_BOOL_CONVERSION = YES;
				CLANG_WARN_CONSTANT_CONVERSION = YES;
				CLANG_WARN_DIRECT_OBJC_ISA_USAGE = YES_ERROR;
				CLANG_WARN_EMPTY_BODY = YES;
				CLANG_WARN_ENUM_CONVERSION = YES;
				CLANG_WARN_INT_CONVERSION = YES;
				CLANG_WARN_OBJC_ROOT_CLASS = YES_ERROR;
				CLANG_WARN_UNREACHABLE_CODE = YES;
				CLANG_WARN__DUPLICATE_METHOD_MATCH = YES;
				"CODE_SIGN_IDENTITY[sdk=iphoneos*]" = "iPhone Developer";
				COPY_PHASE_STRIP = NO;
				DEBUG_INFORMATION_FORMAT = "dwarf-with-dsym";
				ENABLE_NS_ASSERTIONS = NO;
				ENABLE_STRICT_OBJC_MSGSEND = YES;
				GCC_C_LANGUAGE_STANDARD = gnu99;
				GCC_NO_COMMON_BLOCKS = YES;
				GCC_WARN_64_TO_32_BIT_CONVERSION = YES;
				GCC_WARN_ABOUT_RETURN_TYPE = YES_ERROR;
				GCC_WARN_UNDECLARED_SELECTOR = YES;
				GCC_WARN_UNINITIALIZED_AUTOS = YES_AGGRESSIVE;
				GCC_WARN_UNUSED_FUNCTION = YES;
				GCC_WARN_UNUSED_VARIABLE = YES;
				IPHONEOS_DEPLOYMENT_TARGET = 7.0;
				MTL_ENABLE_DEBUG_INFO = NO;
				OTHER_LDFLAGS = "-ObjC";
				SDKROOT = iphoneos;
				TARGETED_DEVICE_FAMILY = "1,2";
				VALIDATE_PRODUCT = YES;
			};
			name = Release;
		};
		6038F3791D52F1C400E69954 /* Debug */ = {
			isa = XCBuildConfiguration;
			buildSettings = {
				ASSETCATALOG_COMPILER_APPICON_NAME = AppIcon;
				FRAMEWORK_SEARCH_PATHS = (
					"$(inherited)",
					"$(PROJECT_DIR)",
				);
				INFOPLIST_FILE = gMaps/Info.plist;
				IPHONEOS_DEPLOYMENT_TARGET = 9.3;
				LD_RUNPATH_SEARCH_PATHS = "$(inherited) @executable_path/Frameworks";
				PRODUCT_BUNDLE_IDENTIFIER = com.launchlabs.gMaps;
				PRODUCT_NAME = "$(TARGET_NAME)";
			};
			name = Debug;
		};
		6038F37A1D52F1C400E69954 /* Release */ = {
			isa = XCBuildConfiguration;
			buildSettings = {
				ASSETCATALOG_COMPILER_APPICON_NAME = AppIcon;
				FRAMEWORK_SEARCH_PATHS = (
					"$(inherited)",
					"$(PROJECT_DIR)",
				);
				INFOPLIST_FILE = gMaps/Info.plist;
				IPHONEOS_DEPLOYMENT_TARGET = 9.3;
				LD_RUNPATH_SEARCH_PATHS = "$(inherited) @executable_path/Frameworks";
				PRODUCT_BUNDLE_IDENTIFIER = com.launchlabs.gMaps;
				PRODUCT_NAME = "$(TARGET_NAME)";
			};
			name = Release;
		};
		6038F37C1D52F1C400E69954 /* Debug */ = {
			isa = XCBuildConfiguration;
			buildSettings = {
				BUNDLE_LOADER = "$(TEST_HOST)";
				INFOPLIST_FILE = gMapsTests/Info.plist;
				LD_RUNPATH_SEARCH_PATHS = "$(inherited) @executable_path/Frameworks @loader_path/Frameworks";
				PRODUCT_BUNDLE_IDENTIFIER = com.launchlabs.gMapsTests;
				PRODUCT_NAME = "$(TARGET_NAME)";
				TEST_HOST = "$(BUILT_PRODUCTS_DIR)/gMaps.app/gMaps";
			};
			name = Debug;
		};
		6038F37D1D52F1C400E69954 /* Release */ = {
			isa = XCBuildConfiguration;
			buildSettings = {
				BUNDLE_LOADER = "$(TEST_HOST)";
				INFOPLIST_FILE = gMapsTests/Info.plist;
				LD_RUNPATH_SEARCH_PATHS = "$(inherited) @executable_path/Frameworks @loader_path/Frameworks";
				PRODUCT_BUNDLE_IDENTIFIER = com.launchlabs.gMapsTests;
				PRODUCT_NAME = "$(TARGET_NAME)";
				TEST_HOST = "$(BUILT_PRODUCTS_DIR)/gMaps.app/gMaps";
			};
			name = Release;
		};
		6038F37F1D52F1C400E69954 /* Debug */ = {
			isa = XCBuildConfiguration;
			buildSettings = {
				INFOPLIST_FILE = gMapsUITests/Info.plist;
				LD_RUNPATH_SEARCH_PATHS = "$(inherited) @executable_path/Frameworks @loader_path/Frameworks";
				PRODUCT_BUNDLE_IDENTIFIER = com.launchlabs.gMapsUITests;
				PRODUCT_NAME = "$(TARGET_NAME)";
				TEST_TARGET_NAME = gMaps;
			};
			name = Debug;
		};
		6038F3801D52F1C400E69954 /* Release */ = {
			isa = XCBuildConfiguration;
			buildSettings = {
				INFOPLIST_FILE = gMapsUITests/Info.plist;
				LD_RUNPATH_SEARCH_PATHS = "$(inherited) @executable_path/Frameworks @loader_path/Frameworks";
				PRODUCT_BUNDLE_IDENTIFIER = com.launchlabs.gMapsUITests;
				PRODUCT_NAME = "$(TARGET_NAME)";
				TEST_TARGET_NAME = gMaps;
			};
			name = Release;
		};
/* End XCBuildConfiguration section */

/* Begin XCConfigurationList section */
		6038F3461D52F1C400E69954 /* Build configuration list for PBXProject "gMaps" */ = {
			isa = XCConfigurationList;
			buildConfigurations = (
				6038F3761D52F1C400E69954 /* Debug */,
				6038F3771D52F1C400E69954 /* Release */,
			);
			defaultConfigurationIsVisible = 0;
			defaultConfigurationName = Release;
		};
		6038F3781D52F1C400E69954 /* Build configuration list for PBXNativeTarget "gMaps" */ = {
			isa = XCConfigurationList;
			buildConfigurations = (
				6038F3791D52F1C400E69954 /* Debug */,
				6038F37A1D52F1C400E69954 /* Release */,
			);
			defaultConfigurationIsVisible = 0;
			defaultConfigurationName = Release;
		};
		6038F37B1D52F1C400E69954 /* Build configuration list for PBXNativeTarget "gMapsTests" */ = {
			isa = XCConfigurationList;
			buildConfigurations = (
				6038F37C1D52F1C400E69954 /* Debug */,
				6038F37D1D52F1C400E69954 /* Release */,
			);
			defaultConfigurationIsVisible = 0;
			defaultConfigurationName = Release;
		};
		6038F37E1D52F1C400E69954 /* Build configuration list for PBXNativeTarget "gMapsUITests" */ = {
			isa = XCConfigurationList;
			buildConfigurations = (
				6038F37F1D52F1C400E69954 /* Debug */,
				6038F3801D52F1C400E69954 /* Release */,
			);
			defaultConfigurationIsVisible = 0;
			defaultConfigurationName = Release;
		};
/* End XCConfigurationList section */

/* Begin XCVersionGroup section */
		6052752A1D598EA2007790FD /* Model.xcdatamodeld */ = {
			isa = XCVersionGroup;
			children = (
				6052752B1D598EA2007790FD /* Model.xcdatamodel */,
			);
			currentVersion = 6052752B1D598EA2007790FD /* Model.xcdatamodel */;
			path = Model.xcdatamodeld;
			sourceTree = "<group>";
			versionGroupType = wrapper.xcdatamodel;
		};
/* End XCVersionGroup section */
	};
	rootObject = 6038F3431D52F1C400E69954 /* Project object */;
}
